PODS:
  - ReactiveCocoa (2.5):
    - ReactiveCocoa/UI (= 2.5)
  - ReactiveCocoa/Core (2.5):
    - ReactiveCocoa/no-arc
  - ReactiveCocoa/no-arc (2.5)
  - ReactiveCocoa/UI (2.5):
    - ReactiveCocoa/Core
  - TMCache (1.2.4)
  - XLEasyCache (0.1.2):
    - TMCache (~> 1.2)

DEPENDENCIES:
  - ReactiveCocoa
  - XLEasyCache

SPEC CHECKSUMS:
  ReactiveCocoa: e2db045570aa97c695e7aa97c2bcab222ae51f4a
  TMCache: a93984b045a5ee84bd8941bd5e0b54296059cc52
  XLEasyCache: d2bba5fc78004472961629dbf29ccca18b1388e2

COCOAPODS: 0.39.0
